
Microsoft Visual Studio Solution File, Format Version 12.00
# Visual Studio Version 16
VisualStudioVersion = 16.0.29519.87
MinimumVisualStudioVersion = 10.0.40219.1
Project("{FAE04EC0-301F-11D3-BF4B-00C04F79EFBC}") = "CalculatorLibrary", "CalculatorLibrary\CalculatorLibrary.csproj", "{4B476305-EB21-495E-B12D-C599A844E408}"
EndProject
Project("{FAE04EC0-301F-11D3-BF4B-00C04F79EFBC}") = "TestsLibrary", "TestsLibrary\TestsLibrary.csproj", "{42E8CBD4-2BBB-4198-B7D2-D5455E2E7586}"
EndProject
Global
	GlobalSection(SolutionConfigurationPlatforms) = preSolution
		Debug|Any CPU = Debug|Any CPU
		Release|Any CPU = Release|Any CPU
	EndGlobalSection
	GlobalSection(ProjectConfigurationPlatforms) = postSolution
		{4B476305-EB21-495E-B12D-C599A844E408}.Debug|Any CPU.ActiveCfg = Debug|Any CPU
		{4B476305-EB21-495E-B12D-C599A844E408}.Debug|Any CPU.Build.0 = Debug|Any CPU
		{4B476305-EB21-495E-B12D-C599A844E408}.Release|Any CPU.ActiveCfg = Release|Any CPU
		{4B476305-EB21-495E-B12D-C599A844E408}.Release|Any CPU.Build.0 = Release|Any CPU
		{42E8CBD4-2BBB-4198-B7D2-D5455E2E7586}.Debug|Any CPU.ActiveCfg = Debug|Any CPU
		{42E8CBD4-2BBB-4198-B7D2-D5455E2E7586}.Debug|Any CPU.Build.0 = Debug|Any CPU
		{42E8CBD4-2BBB-4198-B7D2-D5455E2E7586}.Release|Any CPU.ActiveCfg = Release|Any CPU
		{42E8CBD4-2BBB-4198-B7D2-D5455E2E7586}.Release|Any CPU.Build.0 = Release|Any CPU
	EndGlobalSection
	GlobalSection(SolutionProperties) = preSolution
		HideSolutionNode = FALSE
	EndGlobalSection
	GlobalSection(ExtensibilityGlobals) = postSolution
		SolutionGuid = {5CF3E315-ECF3-412E-8679-F015633BC932}
	EndGlobalSection
EndGlobal
